
Microsoft Visual Studio Solution File, Format Version 12.00
# Visual Studio Version 16
VisualStudioVersion = 16.0.31424.327
MinimumVisualStudioVersion = 10.0.40219.1
Project("{8BC9CEB8-8B4A-11D0-8D11-00A0C91BC942}") = "captureVideo", "captureVideo\captureVideo.vcxproj", "{3D9EAAEE-67D6-45CA-BF8A-2A357A899C00}"
EndProject
Global
	GlobalSection(SolutionConfigurationPlatforms) = preSolution
		Debug|x64 = Debug|x64
		Debug|x86 = Debug|x86
		Release|x64 = Release|x64
		Release|x86 = Release|x86
	EndGlobalSection
	GlobalSection(ProjectConfigurationPlatforms) = postSolution
		{3D9EAAEE-67D6-45CA-BF8A-2A357A899C00}.Debug|x64.ActiveCfg = Debug|x64
		{3D9EAAEE-67D6-45CA-BF8A-2A357A899C00}.Debug|x64.Build.0 = Debug|x64
		{3D9EAAEE-67D6-45CA-BF8A-2A357A899C00}.Debug|x86.ActiveCfg = Debug|Win32
		{3D9EAAEE-67D6-45CA-BF8A-2A357A899C00}.Debug|x86.Build.0 = Debug|Win32
		{3D9EAAEE-67D6-45CA-BF8A-2A357A899C00}.Release|x64.ActiveCfg = Release|x64
		{3D9EAAEE-67D6-45CA-BF8A-2A357A899C00}.Release|x64.Build.0 = Release|x64
		{3D9EAAEE-67D6-45CA-BF8A-2A357A899C00}.Release|x86.ActiveCfg = Release|Win32
		{3D9EAAEE-67D6-45CA-BF8A-2A357A899C00}.Release|x86.Build.0 = Release|Win32
	EndGlobalSection
	GlobalSection(SolutionProperties) = preSolution
		HideSolutionNode = FALSE
	EndGlobalSection
	GlobalSection(ExtensibilityGlobals) = postSolution
		SolutionGuid = {6B93FA2D-37D4-45B4-B41F-45D2424A11D7}
	EndGlobalSection
EndGlobal
